
Microsoft Visual Studio Solution File, Format Version 12.00
# Visual Studio 14
VisualStudioVersion = 14.0.25420.1
MinimumVisualStudioVersion = 10.0.40219.1
Project("{F184B08F-C81C-45F6-A57F-5ABD9991F28F}") = "Study App", "Study App\Study App.vbproj", "{2496DC42-F635-4365-9B5E-006B129ED706}"
EndProject
Project("{2150E333-8FDC-42A3-9474-1A3956D46DE8}") = "books", "books", "{10D439EE-780A-4420-AC67-52F1DC078AF5}"
	ProjectSection(SolutionItems) = preProject
		..\..\..\..\Downloads\Documents\Crop prediction report.pdf = ..\..\..\..\Downloads\Documents\Crop prediction report.pdf
	EndProjectSection
EndProject
Global
	GlobalSection(SolutionConfigurationPlatforms) = preSolution
		Debug|Any CPU = Debug|Any CPU
		Release|Any CPU = Release|Any CPU
	EndGlobalSection
	GlobalSection(ProjectConfigurationPlatforms) = postSolution
		{2496DC42-F635-4365-9B5E-006B129ED706}.Debug|Any CPU.ActiveCfg = Debug|Any CPU
		{2496DC42-F635-4365-9B5E-006B129ED706}.Debug|Any CPU.Build.0 = Debug|Any CPU
		{2496DC42-F635-4365-9B5E-006B129ED706}.Release|Any CPU.ActiveCfg = Release|Any CPU
		{2496DC42-F635-4365-9B5E-006B129ED706}.Release|Any CPU.Build.0 = Release|Any CPU
	EndGlobalSection
	GlobalSection(SolutionProperties) = preSolution
		HideSolutionNode = FALSE
	EndGlobalSection
EndGlobal
